<?xml version="1.0" encoding="UTF-8"?>
<Scheme
   LastUpgradeVersion = "1420"
   version = "1.7">
   <BuildAction
      parallelizeBuildables = "YES"
      buildImplicitDependencies = "YES">
      <PreActions>
         <ExecutionAction
            ActionType = "Xcode.IDEStandardExecutionActionsCore.ExecutionActionType.ShellScriptAction">
            <ActionContent
               title = "Run Hello"
               scriptText = "LINT=/usr/local/bin/swiftlint&#10;&#10;if [[ -e &quot;${LINT}&quot; ]]; then&#10;    echo &quot;SwiftLint Start...&quot;&#10;&#10;else&#10;    echo &quot;SwiftLint does not exist, download from https://github.com/realm/SwiftLint&quot;&#10;    exit 1&#10;fi&#10;&#10;RESULT=$($LINT lint --quiet --config /Users/rg_e91446/Documents/Training/Samples/Dani/Networking/Sources/Networking/.swiftlint.yml)&#10;&#10;if [ -z &quot;$RESULT&quot; ]; then&#10;    printf &quot;SwiftLint Finished.\n&quot;&#10;else&#10;    # Save the output to a text file&#10;    echo &quot;$RESULT&quot; &gt; /Users/rg_e91446/Documents/Training/Samples/Dani/Networking/Sources/Networking/swiftlint_output.txt&#10;    printf &quot;SwiftLint Failed. Please check swiftlint_output.txt for details.\n&quot;&#10;    exit 1&#10;fi&#10;">
               <EnvironmentBuildable>
                  <BuildableReference
                     BuildableIdentifier = "primary"
                     BlueprintIdentifier = "Networking"
                     BuildableName = "Networking"
                     BlueprintName = "Networking"
                     ReferencedContainer = "container:">
                  </BuildableReference>
               </EnvironmentBuildable>
            </ActionContent>
         </ExecutionAction>
      </PreActions>
      <BuildActionEntries>
         <BuildActionEntry
            buildForTesting = "YES"
            buildForRunning = "YES"
            buildForProfiling = "YES"
            buildForArchiving = "YES"
            buildForAnalyzing = "YES">
            <BuildableReference
               BuildableIdentifier = "primary"
               BlueprintIdentifier = "Networking"
               BuildableName = "Networking"
               BlueprintName = "Networking"
               ReferencedContainer = "container:">
            </BuildableReference>
         </BuildActionEntry>
         <BuildActionEntry
            buildForTesting = "YES"
            buildForRunning = "YES"
            buildForProfiling = "NO"
            buildForArchiving = "NO"
            buildForAnalyzing = "YES">
            <BuildableReference
               BuildableIdentifier = "primary"
               BlueprintIdentifier = "NetworkingTests"
               BuildableName = "NetworkingTests"
               BlueprintName = "NetworkingTests"
               ReferencedContainer = "container:">
            </BuildableReference>
         </BuildActionEntry>
      </BuildActionEntries>
   </BuildAction>
   <TestAction
      buildConfiguration = "Debug"
      selectedDebuggerIdentifier = "Xcode.DebuggerFoundation.Debugger.LLDB"
      selectedLauncherIdentifier = "Xcode.DebuggerFoundation.Launcher.LLDB"
      shouldUseLaunchSchemeArgsEnv = "YES">
      <Testables>
         <TestableReference
            skipped = "NO">
            <BuildableReference
               BuildableIdentifier = "primary"
               BlueprintIdentifier = "NetworkingTests"
               BuildableName = "NetworkingTests"
               BlueprintName = "NetworkingTests"
               ReferencedContainer = "container:">
            </BuildableReference>
         </TestableReference>
      </Testables>
   </TestAction>
   <LaunchAction
      buildConfiguration = "Debug"
      selectedDebuggerIdentifier = ""
      selectedLauncherIdentifier = "Xcode.IDEFoundation.Launcher.PosixSpawn"
      launchStyle = "0"
      useCustomWorkingDirectory = "NO"
      ignoresPersistentStateOnLaunch = "NO"
      debugDocumentVersioning = "YES"
      debugServiceExtension = "internal"
      allowLocationSimulation = "YES">
      <MacroExpansion>
         <BuildableReference
            BuildableIdentifier = "primary"
            BlueprintIdentifier = "Networking"
            BuildableName = "Networking"
            BlueprintName = "Networking"
            ReferencedContainer = "container:">
         </BuildableReference>
      </MacroExpansion>
      <LocationScenarioReference
         identifier = "com.apple.dt.IDEFoundation.CurrentLocationScenarioIdentifier"
         referenceType = "1">
      </LocationScenarioReference>
   </LaunchAction>
   <ProfileAction
      buildConfiguration = "Release"
      shouldUseLaunchSchemeArgsEnv = "YES"
      savedToolIdentifier = ""
      useCustomWorkingDirectory = "NO"
      debugDocumentVersioning = "YES">
      <MacroExpansion>
         <BuildableReference
            BuildableIdentifier = "primary"
            BlueprintIdentifier = "Networking"
            BuildableName = "Networking"
            BlueprintName = "Networking"
            ReferencedContainer = "container:">
         </BuildableReference>
      </MacroExpansion>
   </ProfileAction>
   <AnalyzeAction
      buildConfiguration = "Debug">
   </AnalyzeAction>
   <ArchiveAction
      buildConfiguration = "Release"
      revealArchiveInOrganizer = "YES">
   </ArchiveAction>
</Scheme>
